
Microsoft Visual Studio Solution File, Format Version 12.00
# Visual Studio Version 17
VisualStudioVersion = 17.0.32014.148
MinimumVisualStudioVersion = 10.0.40219.1
Project("{9A19103F-16F7-4668-BE54-9A1E7A4F7556}") = "VoiceAdder", "VoiceAdder.csproj", "{0D952FD6-5529-4645-A97C-7F2C8CE09B48}"
EndProject
Global
	GlobalSection(SolutionConfigurationPlatforms) = preSolution
		Debug|Any CPU = Debug|Any CPU
		Release|Any CPU = Release|Any CPU
	EndGlobalSection
	GlobalSection(ProjectConfigurationPlatforms) = postSolution
		{0D952FD6-5529-4645-A97C-7F2C8CE09B48}.Debug|Any CPU.ActiveCfg = Debug|Any CPU
		{0D952FD6-5529-4645-A97C-7F2C8CE09B48}.Debug|Any CPU.Build.0 = Debug|Any CPU
		{0D952FD6-5529-4645-A97C-7F2C8CE09B48}.Release|Any CPU.ActiveCfg = Release|Any CPU
		{0D952FD6-5529-4645-A97C-7F2C8CE09B48}.Release|Any CPU.Build.0 = Release|Any CPU
	EndGlobalSection
	GlobalSection(SolutionProperties) = preSolution
		HideSolutionNode = FALSE
	EndGlobalSection
	GlobalSection(ExtensibilityGlobals) = postSolution
		SolutionGuid = {2785F010-1CDA-4009-880B-75F47A8B9553}
	EndGlobalSection
EndGlobal
